# This file is automatically @generated by Poetry 1.8.2 and should not be changed by hand.

[[package]]
name = "pyro5"
version = "5.15"
description = "Remote object communication library, fifth major version"
optional = false
python-versions = ">=3.7"
files = [
    {file = "Pyro5-5.15-py3-none-any.whl", hash = "sha256:4d85428ed75985e63f159d2486ad5680743ea76f766340fd30b65dd20f83d471"},
    {file = "Pyro5-5.15.tar.gz", hash = "sha256:82c3dfc9860b49f897b28ff24fe6716c841672c600af8fe40d0e3a7fac9a3f5e"},
]

[package.dependencies]
serpent = ">=1.41"

[[package]]
name = "serpent"
version = "1.41"
description = "Serialization based on ast.literal_eval"
optional = false
python-versions = ">=3.2"
files = [
    {file = "serpent-1.41-py3-none-any.whl", hash = "sha256:5fd776b3420441985bc10679564c2c9b4a19f77bea59f018e473441d98ae5dd7"},
    {file = "serpent-1.41.tar.gz", hash = "sha256:0407035fe3c6644387d48cff1467d5aa9feff814d07372b78677ed0ee3ed7095"},
]

[metadata]
lock-version = "2.0"
python-versions = "^3.12"
content-hash = "009b56ca9d03188d81f3c1597abf24ca783a84393553163e319dc58b8d83934c"
